// !$*UTF8*$!
{
	archiveVersion = 1;
	classes = {
	};
	objectVersion = 50;
	objects = {

/* Begin PBXBuildFile section */
		DF062E6F264916FC0094D783 /* main.swift in Sources */ = {isa = PBXBuildFile; fileRef = DF062E6E264916FC0094D783 /* main.swift */; };
		DF062E7C2649177D0094D783 /* DataValidatorTests.swift in Sources */ = {isa = PBXBuildFile; fileRef = DF062E7B2649177D0094D783 /* DataValidatorTests.swift */; };
		DF062E832649190B0094D783 /* DataValidator.swift in Sources */ = {isa = PBXBuildFile; fileRef = DF062E822649190B0094D783 /* DataValidator.swift */; };
		DF062E86264919740094D783 /* Constants.swift in Sources */ = {isa = PBXBuildFile; fileRef = DF062E85264919740094D783 /* Constants.swift */; };
		DF062E8726491AC50094D783 /* Constants.swift in Sources */ = {isa = PBXBuildFile; fileRef = DF062E85264919740094D783 /* Constants.swift */; };
		DF062E8826491AC90094D783 /* DataValidator.swift in Sources */ = {isa = PBXBuildFile; fileRef = DF062E822649190B0094D783 /* DataValidator.swift */; };
		DF062E8B26495F4D0094D783 /* DataValidatorProtocol.swift in Sources */ = {isa = PBXBuildFile; fileRef = DF062E8A26495F4D0094D783 /* DataValidatorProtocol.swift */; };
		DF062E942649644E0094D783 /* Display.swift in Sources */ = {isa = PBXBuildFile; fileRef = DF062E932649644E0094D783 /* Display.swift */; };
		DF062E96264964780094D783 /* MessageType.swift in Sources */ = {isa = PBXBuildFile; fileRef = DF062E95264964780094D783 /* MessageType.swift */; };
		DF062E97264964DF0094D783 /* Income.swift in Sources */ = {isa = PBXBuildFile; fileRef = DF062E90264963770094D783 /* Income.swift */; };
		DF062E98264964E20094D783 /* Employee.swift in Sources */ = {isa = PBXBuildFile; fileRef = DF062E8E2649634B0094D783 /* Employee.swift */; };
		DF062E99264967E20094D783 /* DataValidatorProtocol.swift in Sources */ = {isa = PBXBuildFile; fileRef = DF062E8A26495F4D0094D783 /* DataValidatorProtocol.swift */; };
		DF062E9A264967F40094D783 /* Employee.swift in Sources */ = {isa = PBXBuildFile; fileRef = DF062E8E2649634B0094D783 /* Employee.swift */; };
		DF062E9B264967F70094D783 /* Income.swift in Sources */ = {isa = PBXBuildFile; fileRef = DF062E90264963770094D783 /* Income.swift */; };
		DF062E9D26496ADE0094D783 /* TaxCalculationProtocol.swift in Sources */ = {isa = PBXBuildFile; fileRef = DF062E9C26496ADE0094D783 /* TaxCalculationProtocol.swift */; };
		DF062E9E26496AED0094D783 /* TaxCalculationProtocol.swift in Sources */ = {isa = PBXBuildFile; fileRef = DF062E9C26496ADE0094D783 /* TaxCalculationProtocol.swift */; };
		DF062EA026496B3F0094D783 /* MonthlyPayslip.swift in Sources */ = {isa = PBXBuildFile; fileRef = DF062E9F26496B3F0094D783 /* MonthlyPayslip.swift */; };
		DF062EA126496B420094D783 /* MonthlyPayslip.swift in Sources */ = {isa = PBXBuildFile; fileRef = DF062E9F26496B3F0094D783 /* MonthlyPayslip.swift */; };
		DF062EA3264974AC0094D783 /* SalaryErrorType.swift in Sources */ = {isa = PBXBuildFile; fileRef = DF062EA2264974AC0094D783 /* SalaryErrorType.swift */; };
		DF062EA526497E3D0094D783 /* Display.swift in Sources */ = {isa = PBXBuildFile; fileRef = DF062E932649644E0094D783 /* Display.swift */; };
		DF062EA626497E4A0094D783 /* main.swift in Sources */ = {isa = PBXBuildFile; fileRef = DF062E6E264916FC0094D783 /* main.swift */; };
		DF062EA726497E520094D783 /* MessageType.swift in Sources */ = {isa = PBXBuildFile; fileRef = DF062E95264964780094D783 /* MessageType.swift */; };
		DF062EA826497E560094D783 /* SalaryErrorType.swift in Sources */ = {isa = PBXBuildFile; fileRef = DF062EA2264974AC0094D783 /* SalaryErrorType.swift */; };
		DF3BB302264AB3640071551D /* MonthlyPayslipTests.swift in Sources */ = {isa = PBXBuildFile; fileRef = DF3BB301264AB3640071551D /* MonthlyPayslipTests.swift */; };
/* End PBXBuildFile section */

/* Begin PBXCopyFilesBuildPhase section */
		DF062E69264916FC0094D783 /* CopyFiles */ = {
			isa = PBXCopyFilesBuildPhase;
			buildActionMask = 2147483647;
			dstPath = /usr/share/man/man1/;
			dstSubfolderSpec = 0;
			files = (
			);
			runOnlyForDeploymentPostprocessing = 1;
		};
/* End PBXCopyFilesBuildPhase section */

/* Begin PBXFileReference section */
		DF062E6B264916FC0094D783 /* EmployeeMonthlyPayslip */ = {isa = PBXFileReference; explicitFileType = "compiled.mach-o.executable"; includeInIndex = 0; path = EmployeeMonthlyPayslip; sourceTree = BUILT_PRODUCTS_DIR; };
		DF062E6E264916FC0094D783 /* main.swift */ = {isa = PBXFileReference; lastKnownFileType = sourcecode.swift; path = main.swift; sourceTree = "<group>"; };
		DF062E792649177D0094D783 /* EmployeeMonthlyPayslipTests.xctest */ = {isa = PBXFileReference; explicitFileType = wrapper.cfbundle; includeInIndex = 0; path = EmployeeMonthlyPayslipTests.xctest; sourceTree = BUILT_PRODUCTS_DIR; };
		DF062E7B2649177D0094D783 /* DataValidatorTests.swift */ = {isa = PBXFileReference; lastKnownFileType = sourcecode.swift; path = DataValidatorTests.swift; sourceTree = "<group>"; };
		DF062E7D2649177D0094D783 /* Info.plist */ = {isa = PBXFileReference; lastKnownFileType = text.plist.xml; path = Info.plist; sourceTree = "<group>"; };
		DF062E822649190B0094D783 /* DataValidator.swift */ = {isa = PBXFileReference; lastKnownFileType = sourcecode.swift; path = DataValidator.swift; sourceTree = "<group>"; };
		DF062E85264919740094D783 /* Constants.swift */ = {isa = PBXFileReference; lastKnownFileType = sourcecode.swift; path = Constants.swift; sourceTree = "<group>"; };
		DF062E8A26495F4D0094D783 /* DataValidatorProtocol.swift */ = {isa = PBXFileReference; lastKnownFileType = sourcecode.swift; path = DataValidatorProtocol.swift; sourceTree = "<group>"; };
		DF062E8E2649634B0094D783 /* Employee.swift */ = {isa = PBXFileReference; lastKnownFileType = sourcecode.swift; path = Employee.swift; sourceTree = "<group>"; };
		DF062E90264963770094D783 /* Income.swift */ = {isa = PBXFileReference; lastKnownFileType = sourcecode.swift; path = Income.swift; sourceTree = "<group>"; };
		DF062E932649644E0094D783 /* Display.swift */ = {isa = PBXFileReference; lastKnownFileType = sourcecode.swift; path = Display.swift; sourceTree = "<group>"; };
		DF062E95264964780094D783 /* MessageType.swift */ = {isa = PBXFileReference; lastKnownFileType = sourcecode.swift; path = MessageType.swift; sourceTree = "<group>"; };
		DF062E9C26496ADE0094D783 /* TaxCalculationProtocol.swift */ = {isa = PBXFileReference; lastKnownFileType = sourcecode.swift; path = TaxCalculationProtocol.swift; sourceTree = "<group>"; };
		DF062E9F26496B3F0094D783 /* MonthlyPayslip.swift */ = {isa = PBXFileReference; lastKnownFileType = sourcecode.swift; path = MonthlyPayslip.swift; sourceTree = "<group>"; };
		DF062EA2264974AC0094D783 /* SalaryErrorType.swift */ = {isa = PBXFileReference; lastKnownFileType = sourcecode.swift; path = SalaryErrorType.swift; sourceTree = "<group>"; };
		DF3BB301264AB3640071551D /* MonthlyPayslipTests.swift */ = {isa = PBXFileReference; lastKnownFileType = sourcecode.swift; path = MonthlyPayslipTests.swift; sourceTree = "<group>"; };
/* End PBXFileReference section */

/* Begin PBXFrameworksBuildPhase section */
		DF062E68264916FC0094D783 /* Frameworks */ = {
			isa = PBXFrameworksBuildPhase;
			buildActionMask = 2147483647;
			files = (
			);
			runOnlyForDeploymentPostprocessing = 0;
		};
		DF062E762649177D0094D783 /* Frameworks */ = {
			isa = PBXFrameworksBuildPhase;
			buildActionMask = 2147483647;
			files = (
			);
			runOnlyForDeploymentPostprocessing = 0;
		};
/* End PBXFrameworksBuildPhase section */

/* Begin PBXGroup section */
		DF062E62264916FC0094D783 = {
			isa = PBXGroup;
			children = (
				DF062E6D264916FC0094D783 /* EmployeeMonthlyPayslip */,
				DF062E7A2649177D0094D783 /* EmployeeMonthlyPayslipTests */,
				DF062E6C264916FC0094D783 /* Products */,
			);
			sourceTree = "<group>";
		};
		DF062E6C264916FC0094D783 /* Products */ = {
			isa = PBXGroup;
			children = (
				DF062E6B264916FC0094D783 /* EmployeeMonthlyPayslip */,
				DF062E792649177D0094D783 /* EmployeeMonthlyPayslipTests.xctest */,
			);
			name = Products;
			sourceTree = "<group>";
		};
		DF062E6D264916FC0094D783 /* EmployeeMonthlyPayslip */ = {
			isa = PBXGroup;
			children = (
				DF062E6E264916FC0094D783 /* main.swift */,
				DF062E9F26496B3F0094D783 /* MonthlyPayslip.swift */,
				DF062E92264963FA0094D783 /* View */,
				DF062E8D264963340094D783 /* Models */,
				DF062E8926495F2E0094D783 /* Protocols */,
				DF062E84264919630094D783 /* Constants */,
				DF062E81264918F30094D783 /* Validation */,
			);
			path = EmployeeMonthlyPayslip;
			sourceTree = "<group>";
		};
		DF062E7A2649177D0094D783 /* EmployeeMonthlyPayslipTests */ = {
			isa = PBXGroup;
			children = (
				DF062E7B2649177D0094D783 /* DataValidatorTests.swift */,
				DF3BB301264AB3640071551D /* MonthlyPayslipTests.swift */,
				DF062E7D2649177D0094D783 /* Info.plist */,
			);
			path = EmployeeMonthlyPayslipTests;
			sourceTree = "<group>";
		};
		DF062E81264918F30094D783 /* Validation */ = {
			isa = PBXGroup;
			children = (
				DF062E822649190B0094D783 /* DataValidator.swift */,
			);
			path = Validation;
			sourceTree = "<group>";
		};
		DF062E84264919630094D783 /* Constants */ = {
			isa = PBXGroup;
			children = (
				DF062E85264919740094D783 /* Constants.swift */,
			);
			path = Constants;
			sourceTree = "<group>";
		};
		DF062E8926495F2E0094D783 /* Protocols */ = {
			isa = PBXGroup;
			children = (
				DF062E8A26495F4D0094D783 /* DataValidatorProtocol.swift */,
				DF062E9C26496ADE0094D783 /* TaxCalculationProtocol.swift */,
			);
			path = Protocols;
			sourceTree = "<group>";
		};
		DF062E8D264963340094D783 /* Models */ = {
			isa = PBXGroup;
			children = (
				DF062E8E2649634B0094D783 /* Employee.swift */,
				DF062E90264963770094D783 /* Income.swift */,
			);
			path = Models;
			sourceTree = "<group>";
		};
		DF062E92264963FA0094D783 /* View */ = {
			isa = PBXGroup;
			children = (
				DF062E932649644E0094D783 /* Display.swift */,
				DF062E95264964780094D783 /* MessageType.swift */,
				DF062EA2264974AC0094D783 /* SalaryErrorType.swift */,
			);
			path = View;
			sourceTree = "<group>";
		};
/* End PBXGroup section */

/* Begin PBXNativeTarget section */
		DF062E6A264916FC0094D783 /* EmployeeMonthlyPayslip */ = {
			isa = PBXNativeTarget;
			buildConfigurationList = DF062E72264916FC0094D783 /* Build configuration list for PBXNativeTarget "EmployeeMonthlyPayslip" */;
			buildPhases = (
				DF062E67264916FC0094D783 /* Sources */,
				DF062E68264916FC0094D783 /* Frameworks */,
				DF062E69264916FC0094D783 /* CopyFiles */,
			);
			buildRules = (
			);
			dependencies = (
			);
			name = EmployeeMonthlyPayslip;
			productName = EmployeeMonthlyPayslip;
			productReference = DF062E6B264916FC0094D783 /* EmployeeMonthlyPayslip */;
			productType = "com.apple.product-type.tool";
		};
		DF062E782649177D0094D783 /* EmployeeMonthlyPayslipTests */ = {
			isa = PBXNativeTarget;
			buildConfigurationList = DF062E7E2649177D0094D783 /* Build configuration list for PBXNativeTarget "EmployeeMonthlyPayslipTests" */;
			buildPhases = (
				DF062E752649177D0094D783 /* Sources */,
				DF062E762649177D0094D783 /* Frameworks */,
				DF062E772649177D0094D783 /* Resources */,
			);
			buildRules = (
			);
			dependencies = (
			);
			name = EmployeeMonthlyPayslipTests;
			productName = EmployeeMonthlyPayslipTests;
			productReference = DF062E792649177D0094D783 /* EmployeeMonthlyPayslipTests.xctest */;
			productType = "com.apple.product-type.bundle.unit-test";
		};
/* End PBXNativeTarget section */

/* Begin PBXProject section */
		DF062E63264916FC0094D783 /* Project object */ = {
			isa = PBXProject;
			attributes = {
				LastSwiftUpdateCheck = 1250;
				LastUpgradeCheck = 1250;
				TargetAttributes = {
					DF062E6A264916FC0094D783 = {
						CreatedOnToolsVersion = 12.5;
					};
					DF062E782649177D0094D783 = {
						CreatedOnToolsVersion = 12.5;
					};
				};
			};
			buildConfigurationList = DF062E66264916FC0094D783 /* Build configuration list for PBXProject "EmployeeMonthlyPayslip" */;
			compatibilityVersion = "Xcode 9.3";
			developmentRegion = en;
			hasScannedForEncodings = 0;
			knownRegions = (
				en,
				Base,
			);
			mainGroup = DF062E62264916FC0094D783;
			productRefGroup = DF062E6C264916FC0094D783 /* Products */;
			projectDirPath = "";
			projectRoot = "";
			targets = (
				DF062E6A264916FC0094D783 /* EmployeeMonthlyPayslip */,
				DF062E782649177D0094D783 /* EmployeeMonthlyPayslipTests */,
			);
		};
/* End PBXProject section */

/* Begin PBXResourcesBuildPhase section */
		DF062E772649177D0094D783 /* Resources */ = {
			isa = PBXResourcesBuildPhase;
			buildActionMask = 2147483647;
			files = (
			);
			runOnlyForDeploymentPostprocessing = 0;
		};
/* End PBXResourcesBuildPhase section */

/* Begin PBXSourcesBuildPhase section */
		DF062E67264916FC0094D783 /* Sources */ = {
			isa = PBXSourcesBuildPhase;
			buildActionMask = 2147483647;
			files = (
				DF062E97264964DF0094D783 /* Income.swift in Sources */,
				DF062E98264964E20094D783 /* Employee.swift in Sources */,
				DF062E942649644E0094D783 /* Display.swift in Sources */,
				DF062E8B26495F4D0094D783 /* DataValidatorProtocol.swift in Sources */,
				DF062EA026496B3F0094D783 /* MonthlyPayslip.swift in Sources */,
				DF062E9D26496ADE0094D783 /* TaxCalculationProtocol.swift in Sources */,
				DF062EA3264974AC0094D783 /* SalaryErrorType.swift in Sources */,
				DF062E832649190B0094D783 /* DataValidator.swift in Sources */,
				DF062E96264964780094D783 /* MessageType.swift in Sources */,
				DF062E6F264916FC0094D783 /* main.swift in Sources */,
				DF062E86264919740094D783 /* Constants.swift in Sources */,
			);
			runOnlyForDeploymentPostprocessing = 0;
		};
		DF062E752649177D0094D783 /* Sources */ = {
			isa = PBXSourcesBuildPhase;
			buildActionMask = 2147483647;
			files = (
				DF062E99264967E20094D783 /* DataValidatorProtocol.swift in Sources */,
				DF062E7C2649177D0094D783 /* DataValidatorTests.swift in Sources */,
				DF062E9E26496AED0094D783 /* TaxCalculationProtocol.swift in Sources */,
				DF062E8726491AC50094D783 /* Constants.swift in Sources */,
				DF062EA526497E3D0094D783 /* Display.swift in Sources */,
				DF062EA126496B420094D783 /* MonthlyPayslip.swift in Sources */,
				DF062EA626497E4A0094D783 /* main.swift in Sources */,
				DF062EA726497E520094D783 /* MessageType.swift in Sources */,
				DF062EA826497E560094D783 /* SalaryErrorType.swift in Sources */,
				DF062E9A264967F40094D783 /* Employee.swift in Sources */,
				DF062E9B264967F70094D783 /* Income.swift in Sources */,
				DF062E8826491AC90094D783 /* DataValidator.swift in Sources */,
				DF3BB302264AB3640071551D /* MonthlyPayslipTests.swift in Sources */,
			);
			runOnlyForDeploymentPostprocessing = 0;
		};
/* End PBXSourcesBuildPhase section */

/* Begin XCBuildConfiguration section */
		DF062E70264916FC0094D783 /* Debug */ = {
			isa = XCBuildConfiguration;
			buildSettings = {
				ALWAYS_SEARCH_USER_PATHS = NO;
				CLANG_ANALYZER_NONNULL = YES;
				CLANG_ANALYZER_NUMBER_OBJECT_CONVERSION = YES_AGGRESSIVE;
				CLANG_CXX_LANGUAGE_STANDARD = "gnu++14";
				CLANG_CXX_LIBRARY = "libc++";
				CLANG_ENABLE_MODULES = YES;
				CLANG_ENABLE_OBJC_ARC = YES;
				CLANG_ENABLE_OBJC_WEAK = YES;
				CLANG_WARN_BLOCK_CAPTURE_AUTORELEASING = YES;
				CLANG_WARN_BOOL_CONVERSION = YES;
				CLANG_WARN_COMMA = YES;
				CLANG_WARN_CONSTANT_CONVERSION = YES;
				CLANG_WARN_DEPRECATED_OBJC_IMPLEMENTATIONS = YES;
				CLANG_WARN_DIRECT_OBJC_ISA_USAGE = YES_ERROR;
				CLANG_WARN_DOCUMENTATION_COMMENTS = YES;
				CLANG_WARN_EMPTY_BODY = YES;
				CLANG_WARN_ENUM_CONVERSION = YES;
				CLANG_WARN_INFINITE_RECURSION = YES;
				CLANG_WARN_INT_CONVERSION = YES;
				CLANG_WARN_NON_LITERAL_NULL_CONVERSION = YES;
				CLANG_WARN_OBJC_IMPLICIT_RETAIN_SELF = YES;
				CLANG_WARN_OBJC_LITERAL_CONVERSION = YES;
				CLANG_WARN_OBJC_ROOT_CLASS = YES_ERROR;
				CLANG_WARN_QUOTED_INCLUDE_IN_FRAMEWORK_HEADER = YES;
				CLANG_WARN_RANGE_LOOP_ANALYSIS = YES;
				CLANG_WARN_STRICT_PROTOTYPES = YES;
				CLANG_WARN_SUSPICIOUS_MOVE = YES;
				CLANG_WARN_UNGUARDED_AVAILABILITY = YES_AGGRESSIVE;
				CLANG_WARN_UNREACHABLE_CODE = YES;
				CLANG_WARN__DUPLICATE_METHOD_MATCH = YES;
				COPY_PHASE_STRIP = NO;
				DEBUG_INFORMATION_FORMAT = dwarf;
				ENABLE_STRICT_OBJC_MSGSEND = YES;
				ENABLE_TESTABILITY = YES;
				GCC_C_LANGUAGE_STANDARD = gnu11;
				GCC_DYNAMIC_NO_PIC = NO;
				GCC_NO_COMMON_BLOCKS = YES;
				GCC_OPTIMIZATION_LEVEL = 0;
				GCC_PREPROCESSOR_DEFINITIONS = (
					"DEBUG=1",
					"$(inherited)",
				);
				GCC_WARN_64_TO_32_BIT_CONVERSION = YES;
				GCC_WARN_ABOUT_RETURN_TYPE = YES_ERROR;
				GCC_WARN_UNDECLARED_SELECTOR = YES;
				GCC_WARN_UNINITIALIZED_AUTOS = YES_AGGRESSIVE;
				GCC_WARN_UNUSED_FUNCTION = YES;
				GCC_WARN_UNUSED_VARIABLE = YES;
				MACOSX_DEPLOYMENT_TARGET = 11.3;
				MTL_ENABLE_DEBUG_INFO = INCLUDE_SOURCE;
				MTL_FAST_MATH = YES;
				ONLY_ACTIVE_ARCH = YES;
				SDKROOT = macosx;
				SWIFT_ACTIVE_COMPILATION_CONDITIONS = DEBUG;
				SWIFT_OPTIMIZATION_LEVEL = "-Onone";
			};
			name = Debug;
		};
		DF062E71264916FC0094D783 /* Release */ = {
			isa = XCBuildConfiguration;
			buildSettings = {
				ALWAYS_SEARCH_USER_PATHS = NO;
				CLANG_ANALYZER_NONNULL = YES;
				CLANG_ANALYZER_NUMBER_OBJECT_CONVERSION = YES_AGGRESSIVE;
				CLANG_CXX_LANGUAGE_STANDARD = "gnu++14";
				CLANG_CXX_LIBRARY = "libc++";
				CLANG_ENABLE_MODULES = YES;
				CLANG_ENABLE_OBJC_ARC = YES;
				CLANG_ENABLE_OBJC_WEAK = YES;
				CLANG_WARN_BLOCK_CAPTURE_AUTORELEASING = YES;
				CLANG_WARN_BOOL_CONVERSION = YES;
				CLANG_WARN_COMMA = YES;
				CLANG_WARN_CONSTANT_CONVERSION = YES;
				CLANG_WARN_DEPRECATED_OBJC_IMPLEMENTATIONS = YES;
				CLANG_WARN_DIRECT_OBJC_ISA_USAGE = YES_ERROR;
				CLANG_WARN_DOCUMENTATION_COMMENTS = YES;
				CLANG_WARN_EMPTY_BODY = YES;
				CLANG_WARN_ENUM_CONVERSION = YES;
				CLANG_WARN_INFINITE_RECURSION = YES;
				CLANG_WARN_INT_CONVERSION = YES;
				CLANG_WARN_NON_LITERAL_NULL_CONVERSION = YES;
				CLANG_WARN_OBJC_IMPLICIT_RETAIN_SELF = YES;
				CLANG_WARN_OBJC_LITERAL_CONVERSION = YES;
				CLANG_WARN_OBJC_ROOT_CLASS = YES_ERROR;
				CLANG_WARN_QUOTED_INCLUDE_IN_FRAMEWORK_HEADER = YES;
				CLANG_WARN_RANGE_LOOP_ANALYSIS = YES;
				CLANG_WARN_STRICT_PROTOTYPES = YES;
				CLANG_WARN_SUSPICIOUS_MOVE = YES;
				CLANG_WARN_UNGUARDED_AVAILABILITY = YES_AGGRESSIVE;
				CLANG_WARN_UNREACHABLE_CODE = YES;
				CLANG_WARN__DUPLICATE_METHOD_MATCH = YES;
				COPY_PHASE_STRIP = NO;
				DEBUG_INFORMATION_FORMAT = "dwarf-with-dsym";
				ENABLE_NS_ASSERTIONS = NO;
				ENABLE_STRICT_OBJC_MSGSEND = YES;
				GCC_C_LANGUAGE_STANDARD = gnu11;
				GCC_NO_COMMON_BLOCKS = YES;
				GCC_WARN_64_TO_32_BIT_CONVERSION = YES;
				GCC_WARN_ABOUT_RETURN_TYPE = YES_ERROR;
				GCC_WARN_UNDECLARED_SELECTOR = YES;
				GCC_WARN_UNINITIALIZED_AUTOS = YES_AGGRESSIVE;
				GCC_WARN_UNUSED_FUNCTION = YES;
				GCC_WARN_UNUSED_VARIABLE = YES;
				MACOSX_DEPLOYMENT_TARGET = 11.3;
				MTL_ENABLE_DEBUG_INFO = NO;
				MTL_FAST_MATH = YES;
				SDKROOT = macosx;
				SWIFT_COMPILATION_MODE = wholemodule;
				SWIFT_OPTIMIZATION_LEVEL = "-O";
			};
			name = Release;
		};
		DF062E73264916FC0094D783 /* Debug */ = {
			isa = XCBuildConfiguration;
			buildSettings = {
				CODE_SIGN_STYLE = Automatic;
				PRODUCT_NAME = "$(TARGET_NAME)";
				SWIFT_VERSION = 5.0;
			};
			name = Debug;
		};
		DF062E74264916FC0094D783 /* Release */ = {
			isa = XCBuildConfiguration;
			buildSettings = {
				CODE_SIGN_STYLE = Automatic;
				PRODUCT_NAME = "$(TARGET_NAME)";
				SWIFT_VERSION = 5.0;
			};
			name = Release;
		};
		DF062E7F2649177D0094D783 /* Debug */ = {
			isa = XCBuildConfiguration;
			buildSettings = {
				CODE_SIGN_STYLE = Automatic;
				COMBINE_HIDPI_IMAGES = YES;
				INFOPLIST_FILE = EmployeeMonthlyPayslipTests/Info.plist;
				LD_RUNPATH_SEARCH_PATHS = (
					"$(inherited)",
					"@executable_path/../Frameworks",
					"@loader_path/../Frameworks",
				);
				PRODUCT_BUNDLE_IDENTIFIER = com.SwiftINY.EmployeeMonthlyPayslipTests;
				PRODUCT_NAME = "$(TARGET_NAME)";
				SWIFT_VERSION = 5.0;
			};
			name = Debug;
		};
		DF062E802649177D0094D783 /* Release */ = {
			isa = XCBuildConfiguration;
			buildSettings = {
				CODE_SIGN_STYLE = Automatic;
				COMBINE_HIDPI_IMAGES = YES;
				INFOPLIST_FILE = EmployeeMonthlyPayslipTests/Info.plist;
				LD_RUNPATH_SEARCH_PATHS = (
					"$(inherited)",
					"@executable_path/../Frameworks",
					"@loader_path/../Frameworks",
				);
				PRODUCT_BUNDLE_IDENTIFIER = com.SwiftINY.EmployeeMonthlyPayslipTests;
				PRODUCT_NAME = "$(TARGET_NAME)";
				SWIFT_VERSION = 5.0;
			};
			name = Release;
		};
/* End XCBuildConfiguration section */

/* Begin XCConfigurationList section */
		DF062E66264916FC0094D783 /* Build configuration list for PBXProject "EmployeeMonthlyPayslip" */ = {
			isa = XCConfigurationList;
			buildConfigurations = (
				DF062E70264916FC0094D783 /* Debug */,
				DF062E71264916FC0094D783 /* Release */,
			);
			defaultConfigurationIsVisible = 0;
			defaultConfigurationName = Release;
		};
		DF062E72264916FC0094D783 /* Build configuration list for PBXNativeTarget "EmployeeMonthlyPayslip" */ = {
			isa = XCConfigurationList;
			buildConfigurations = (
				DF062E73264916FC0094D783 /* Debug */,
				DF062E74264916FC0094D783 /* Release */,
			);
			defaultConfigurationIsVisible = 0;
			defaultConfigurationName = Release;
		};
		DF062E7E2649177D0094D783 /* Build configuration list for PBXNativeTarget "EmployeeMonthlyPayslipTests" */ = {
			isa = XCConfigurationList;
			buildConfigurations = (
				DF062E7F2649177D0094D783 /* Debug */,
				DF062E802649177D0094D783 /* Release */,
			);
			defaultConfigurationIsVisible = 0;
			defaultConfigurationName = Release;
		};
/* End XCConfigurationList section */
	};
	rootObject = DF062E63264916FC0094D783 /* Project object */;
}
